
Microsoft Visual Studio Solution File, Format Version 12.00
# Visual Studio Version 16
VisualStudioVersion = 16.0.30517.126
MinimumVisualStudioVersion = 10.0.40219.1
Project("{F184B08F-C81C-45F6-A57F-5ABD9991F28F}") = "HereIsTheEvidenceAnalyzer", "DataParser1\HereIsTheEvidenceAnalyzer.vbproj", "{6E966D10-D03B-403B-A07F-C1C29E4F5959}"
EndProject
Global
	GlobalSection(SolutionConfigurationPlatforms) = preSolution
		Debug|Any CPU = Debug|Any CPU
		Release|Any CPU = Release|Any CPU
	EndGlobalSection
	GlobalSection(ProjectConfigurationPlatforms) = postSolution
		{6E966D10-D03B-403B-A07F-C1C29E4F5959}.Debug|Any CPU.ActiveCfg = Debug|Any CPU
		{6E966D10-D03B-403B-A07F-C1C29E4F5959}.Debug|Any CPU.Build.0 = Debug|Any CPU
		{6E966D10-D03B-403B-A07F-C1C29E4F5959}.Release|Any CPU.ActiveCfg = Release|Any CPU
		{6E966D10-D03B-403B-A07F-C1C29E4F5959}.Release|Any CPU.Build.0 = Release|Any CPU
	EndGlobalSection
	GlobalSection(SolutionProperties) = preSolution
		HideSolutionNode = FALSE
	EndGlobalSection
	GlobalSection(ExtensibilityGlobals) = postSolution
		SolutionGuid = {E400F148-73E6-4250-AEAF-E6F38703B95D}
	EndGlobalSection
EndGlobal
